// !$*UTF8*$!
{
	archiveVersion = 1;
	classes = {
	};
	objectVersion = 56;
	objects = {

/* Begin PBXBuildFile section */
		60C0600B2CDA290C00522B3B /* AppDelegate.swift in Sources */ = {isa = PBXBuildFile; fileRef = 60C0600A2CDA290C00522B3B /* AppDelegate.swift */; };
		60C0600D2CDA290C00522B3B /* SceneDelegate.swift in Sources */ = {isa = PBXBuildFile; fileRef = 60C0600C2CDA290C00522B3B /* SceneDelegate.swift */; };
		60C0600F2CDA290C00522B3B /* ViewController.swift in Sources */ = {isa = PBXBuildFile; fileRef = 60C0600E2CDA290C00522B3B /* ViewController.swift */; };
		60C060122CDA290C00522B3B /* Main.storyboard in Resources */ = {isa = PBXBuildFile; fileRef = 60C060102CDA290C00522B3B /* Main.storyboard */; };
		60C060142CDA290D00522B3B /* Assets.xcassets in Resources */ = {isa = PBXBuildFile; fileRef = 60C060132CDA290D00522B3B /* Assets.xcassets */; };
		60C060172CDA290D00522B3B /* LaunchScreen.storyboard in Resources */ = {isa = PBXBuildFile; fileRef = 60C060152CDA290D00522B3B /* LaunchScreen.storyboard */; };
		60C060222CDA290D00522B3B /* n11_caseTests.swift in Sources */ = {isa = PBXBuildFile; fileRef = 60C060212CDA290D00522B3B /* n11_caseTests.swift */; };
		60C0602C2CDA290D00522B3B /* n11_caseUITests.swift in Sources */ = {isa = PBXBuildFile; fileRef = 60C0602B2CDA290D00522B3B /* n11_caseUITests.swift */; };
		60C0602E2CDA290D00522B3B /* n11_caseUITestsLaunchTests.swift in Sources */ = {isa = PBXBuildFile; fileRef = 60C0602D2CDA290D00522B3B /* n11_caseUITestsLaunchTests.swift */; };
		60C0603C2CDA453400522B3B /* HomeViewController.swift in Sources */ = {isa = PBXBuildFile; fileRef = 60C0603B2CDA453400522B3B /* HomeViewController.swift */; };
		60C0603F2CDA468500522B3B /* SnapKit in Frameworks */ = {isa = PBXBuildFile; productRef = 60C0603E2CDA468500522B3B /* SnapKit */; };
		60C060492CDA55E100522B3B /* HomeContractor.swift in Sources */ = {isa = PBXBuildFile; fileRef = 60C060482CDA55E100522B3B /* HomeContractor.swift */; };
		60C0604C2CDA5B9100522B3B /* HomeInteractor.swift in Sources */ = {isa = PBXBuildFile; fileRef = 60C0604B2CDA5B9100522B3B /* HomeInteractor.swift */; };
		60C0604E2CDA5C0900522B3B /* HomePresenter.swift in Sources */ = {isa = PBXBuildFile; fileRef = 60C0604D2CDA5C0900522B3B /* HomePresenter.swift */; };
/* End PBXBuildFile section */

/* Begin PBXContainerItemProxy section */
		60C0601E2CDA290D00522B3B /* PBXContainerItemProxy */ = {
			isa = PBXContainerItemProxy;
			containerPortal = 60C05FFF2CDA290C00522B3B /* Project object */;
			proxyType = 1;
			remoteGlobalIDString = 60C060062CDA290C00522B3B;
			remoteInfo = "n11-case";
		};
		60C060282CDA290D00522B3B /* PBXContainerItemProxy */ = {
			isa = PBXContainerItemProxy;
			containerPortal = 60C05FFF2CDA290C00522B3B /* Project object */;
			proxyType = 1;
			remoteGlobalIDString = 60C060062CDA290C00522B3B;
			remoteInfo = "n11-case";
		};
/* End PBXContainerItemProxy section */

/* Begin PBXFileReference section */
		60C060072CDA290C00522B3B /* n11-case.app */ = {isa = PBXFileReference; explicitFileType = wrapper.application; includeInIndex = 0; path = "n11-case.app"; sourceTree = BUILT_PRODUCTS_DIR; };
		60C0600A2CDA290C00522B3B /* AppDelegate.swift */ = {isa = PBXFileReference; lastKnownFileType = sourcecode.swift; path = AppDelegate.swift; sourceTree = "<group>"; };
		60C0600C2CDA290C00522B3B /* SceneDelegate.swift */ = {isa = PBXFileReference; lastKnownFileType = sourcecode.swift; path = SceneDelegate.swift; sourceTree = "<group>"; };
		60C0600E2CDA290C00522B3B /* ViewController.swift */ = {isa = PBXFileReference; lastKnownFileType = sourcecode.swift; path = ViewController.swift; sourceTree = "<group>"; };
		60C060112CDA290C00522B3B /* Base */ = {isa = PBXFileReference; lastKnownFileType = file.storyboard; name = Base; path = Base.lproj/Main.storyboard; sourceTree = "<group>"; };
		60C060132CDA290D00522B3B /* Assets.xcassets */ = {isa = PBXFileReference; lastKnownFileType = folder.assetcatalog; path = Assets.xcassets; sourceTree = "<group>"; };
		60C060162CDA290D00522B3B /* Base */ = {isa = PBXFileReference; lastKnownFileType = file.storyboard; name = Base; path = Base.lproj/LaunchScreen.storyboard; sourceTree = "<group>"; };
		60C060182CDA290D00522B3B /* Info.plist */ = {isa = PBXFileReference; lastKnownFileType = text.plist.xml; path = Info.plist; sourceTree = "<group>"; };
		60C0601D2CDA290D00522B3B /* n11-caseTests.xctest */ = {isa = PBXFileReference; explicitFileType = wrapper.cfbundle; includeInIndex = 0; path = "n11-caseTests.xctest"; sourceTree = BUILT_PRODUCTS_DIR; };
		60C060212CDA290D00522B3B /* n11_caseTests.swift */ = {isa = PBXFileReference; lastKnownFileType = sourcecode.swift; path = n11_caseTests.swift; sourceTree = "<group>"; };
		60C060272CDA290D00522B3B /* n11-caseUITests.xctest */ = {isa = PBXFileReference; explicitFileType = wrapper.cfbundle; includeInIndex = 0; path = "n11-caseUITests.xctest"; sourceTree = BUILT_PRODUCTS_DIR; };
		60C0602B2CDA290D00522B3B /* n11_caseUITests.swift */ = {isa = PBXFileReference; lastKnownFileType = sourcecode.swift; path = n11_caseUITests.swift; sourceTree = "<group>"; };
		60C0602D2CDA290D00522B3B /* n11_caseUITestsLaunchTests.swift */ = {isa = PBXFileReference; lastKnownFileType = sourcecode.swift; path = n11_caseUITestsLaunchTests.swift; sourceTree = "<group>"; };
		60C0603B2CDA453400522B3B /* HomeViewController.swift */ = {isa = PBXFileReference; lastKnownFileType = sourcecode.swift; path = HomeViewController.swift; sourceTree = "<group>"; };
		60C060482CDA55E100522B3B /* HomeContractor.swift */ = {isa = PBXFileReference; lastKnownFileType = sourcecode.swift; path = HomeContractor.swift; sourceTree = "<group>"; };
		60C0604B2CDA5B9100522B3B /* HomeInteractor.swift */ = {isa = PBXFileReference; lastKnownFileType = sourcecode.swift; path = HomeInteractor.swift; sourceTree = "<group>"; };
		60C0604D2CDA5C0900522B3B /* HomePresenter.swift */ = {isa = PBXFileReference; lastKnownFileType = sourcecode.swift; path = HomePresenter.swift; sourceTree = "<group>"; };
/* End PBXFileReference section */

/* Begin PBXFrameworksBuildPhase section */
		60C060042CDA290C00522B3B /* Frameworks */ = {
			isa = PBXFrameworksBuildPhase;
			buildActionMask = 2147483647;
			files = (
				60C0603F2CDA468500522B3B /* SnapKit in Frameworks */,
			);
			runOnlyForDeploymentPostprocessing = 0;
		};
		60C0601A2CDA290D00522B3B /* Frameworks */ = {
			isa = PBXFrameworksBuildPhase;
			buildActionMask = 2147483647;
			files = (
			);
			runOnlyForDeploymentPostprocessing = 0;
		};
		60C060242CDA290D00522B3B /* Frameworks */ = {
			isa = PBXFrameworksBuildPhase;
			buildActionMask = 2147483647;
			files = (
			);
			runOnlyForDeploymentPostprocessing = 0;
		};
/* End PBXFrameworksBuildPhase section */

/* Begin PBXGroup section */
		60C05FFE2CDA290C00522B3B = {
			isa = PBXGroup;
			children = (
				60C060092CDA290C00522B3B /* n11-case */,
				60C060202CDA290D00522B3B /* n11-caseTests */,
				60C0602A2CDA290D00522B3B /* n11-caseUITests */,
				60C060082CDA290C00522B3B /* Products */,
			);
			sourceTree = "<group>";
		};
		60C060082CDA290C00522B3B /* Products */ = {
			isa = PBXGroup;
			children = (
				60C060072CDA290C00522B3B /* n11-case.app */,
				60C0601D2CDA290D00522B3B /* n11-caseTests.xctest */,
				60C060272CDA290D00522B3B /* n11-caseUITests.xctest */,
			);
			name = Products;
			sourceTree = "<group>";
		};
		60C060092CDA290C00522B3B /* n11-case */ = {
			isa = PBXGroup;
			children = (
				60C060472CDA4D0800522B3B /* Core */,
				60C060462CDA4CCC00522B3B /* Resources */,
				60C0603A2CDA451000522B3B /* Modules */,
				60C060102CDA290C00522B3B /* Main.storyboard */,
				60C060152CDA290D00522B3B /* LaunchScreen.storyboard */,
				60C060182CDA290D00522B3B /* Info.plist */,
			);
			path = "n11-case";
			sourceTree = "<group>";
		};
		60C060202CDA290D00522B3B /* n11-caseTests */ = {
			isa = PBXGroup;
			children = (
				60C060212CDA290D00522B3B /* n11_caseTests.swift */,
			);
			path = "n11-caseTests";
			sourceTree = "<group>";
		};
		60C0602A2CDA290D00522B3B /* n11-caseUITests */ = {
			isa = PBXGroup;
			children = (
				60C0602B2CDA290D00522B3B /* n11_caseUITests.swift */,
				60C0602D2CDA290D00522B3B /* n11_caseUITestsLaunchTests.swift */,
			);
			path = "n11-caseUITests";
			sourceTree = "<group>";
		};
		60C0603A2CDA451000522B3B /* Modules */ = {
			isa = PBXGroup;
			children = (
				60C060402CDA4C7600522B3B /* Home */,
			);
			path = Modules;
			sourceTree = "<group>";
		};
		60C060402CDA4C7600522B3B /* Home */ = {
			isa = PBXGroup;
			children = (
				60C060452CDA4CA700522B3B /* Router */,
				60C060442CDA4C9B00522B3B /* Entity */,
				60C060432CDA4C8F00522B3B /* Presenter */,
				60C060422CDA4C8500522B3B /* Interactor */,
				60C0604A2CDA574000522B3B /* Contractor */,
				60C060412CDA4C7F00522B3B /* View */,
			);
			path = Home;
			sourceTree = "<group>";
		};
		60C060412CDA4C7F00522B3B /* View */ = {
			isa = PBXGroup;
			children = (
				60C0603B2CDA453400522B3B /* HomeViewController.swift */,
			);
			path = View;
			sourceTree = "<group>";
		};
		60C060422CDA4C8500522B3B /* Interactor */ = {
			isa = PBXGroup;
			children = (
				60C0604B2CDA5B9100522B3B /* HomeInteractor.swift */,
			);
			path = Interactor;
			sourceTree = "<group>";
		};
		60C060432CDA4C8F00522B3B /* Presenter */ = {
			isa = PBXGroup;
			children = (
				60C0604D2CDA5C0900522B3B /* HomePresenter.swift */,
			);
			path = Presenter;
			sourceTree = "<group>";
		};
		60C060442CDA4C9B00522B3B /* Entity */ = {
			isa = PBXGroup;
			children = (
			);
			path = Entity;
			sourceTree = "<group>";
		};
		60C060452CDA4CA700522B3B /* Router */ = {
			isa = PBXGroup;
			children = (
			);
			path = Router;
			sourceTree = "<group>";
		};
		60C060462CDA4CCC00522B3B /* Resources */ = {
			isa = PBXGroup;
			children = (
				60C060132CDA290D00522B3B /* Assets.xcassets */,
			);
			path = Resources;
			sourceTree = "<group>";
		};
		60C060472CDA4D0800522B3B /* Core */ = {
			isa = PBXGroup;
			children = (
				60C0600C2CDA290C00522B3B /* SceneDelegate.swift */,
				60C0600E2CDA290C00522B3B /* ViewController.swift */,
				60C0600A2CDA290C00522B3B /* AppDelegate.swift */,
			);
			path = Core;
			sourceTree = "<group>";
		};
		60C0604A2CDA574000522B3B /* Contractor */ = {
			isa = PBXGroup;
			children = (
				60C060482CDA55E100522B3B /* HomeContractor.swift */,
			);
			path = Contractor;
			sourceTree = "<group>";
		};
/* End PBXGroup section */

/* Begin PBXNativeTarget section */
		60C060062CDA290C00522B3B /* n11-case */ = {
			isa = PBXNativeTarget;
			buildConfigurationList = 60C060312CDA290D00522B3B /* Build configuration list for PBXNativeTarget "n11-case" */;
			buildPhases = (
				60C060032CDA290C00522B3B /* Sources */,
				60C060042CDA290C00522B3B /* Frameworks */,
				60C060052CDA290C00522B3B /* Resources */,
			);
			buildRules = (
			);
			dependencies = (
			);
			name = "n11-case";
			packageProductDependencies = (
				60C0603E2CDA468500522B3B /* SnapKit */,
			);
			productName = "n11-case";
			productReference = 60C060072CDA290C00522B3B /* n11-case.app */;
			productType = "com.apple.product-type.application";
		};
		60C0601C2CDA290D00522B3B /* n11-caseTests */ = {
			isa = PBXNativeTarget;
			buildConfigurationList = 60C060342CDA290D00522B3B /* Build configuration list for PBXNativeTarget "n11-caseTests" */;
			buildPhases = (
				60C060192CDA290D00522B3B /* Sources */,
				60C0601A2CDA290D00522B3B /* Frameworks */,
				60C0601B2CDA290D00522B3B /* Resources */,
			);
			buildRules = (
			);
			dependencies = (
				60C0601F2CDA290D00522B3B /* PBXTargetDependency */,
			);
			name = "n11-caseTests";
			productName = "n11-caseTests";
			productReference = 60C0601D2CDA290D00522B3B /* n11-caseTests.xctest */;
			productType = "com.apple.product-type.bundle.unit-test";
		};
		60C060262CDA290D00522B3B /* n11-caseUITests */ = {
			isa = PBXNativeTarget;
			buildConfigurationList = 60C060372CDA290D00522B3B /* Build configuration list for PBXNativeTarget "n11-caseUITests" */;
			buildPhases = (
				60C060232CDA290D00522B3B /* Sources */,
				60C060242CDA290D00522B3B /* Frameworks */,
				60C060252CDA290D00522B3B /* Resources */,
			);
			buildRules = (
			);
			dependencies = (
				60C060292CDA290D00522B3B /* PBXTargetDependency */,
			);
			name = "n11-caseUITests";
			productName = "n11-caseUITests";
			productReference = 60C060272CDA290D00522B3B /* n11-caseUITests.xctest */;
			productType = "com.apple.product-type.bundle.ui-testing";
		};
/* End PBXNativeTarget section */

/* Begin PBXProject section */
		60C05FFF2CDA290C00522B3B /* Project object */ = {
			isa = PBXProject;
			attributes = {
				BuildIndependentTargetsInParallel = 1;
				LastSwiftUpdateCheck = 1500;
				LastUpgradeCheck = 1500;
				TargetAttributes = {
					60C060062CDA290C00522B3B = {
						CreatedOnToolsVersion = 15.0;
					};
					60C0601C2CDA290D00522B3B = {
						CreatedOnToolsVersion = 15.0;
						TestTargetID = 60C060062CDA290C00522B3B;
					};
					60C060262CDA290D00522B3B = {
						CreatedOnToolsVersion = 15.0;
						TestTargetID = 60C060062CDA290C00522B3B;
					};
				};
			};
			buildConfigurationList = 60C060022CDA290C00522B3B /* Build configuration list for PBXProject "n11-case" */;
			compatibilityVersion = "Xcode 14.0";
			developmentRegion = en;
			hasScannedForEncodings = 0;
			knownRegions = (
				en,
				Base,
			);
			mainGroup = 60C05FFE2CDA290C00522B3B;
			packageReferences = (
				60C0603D2CDA459300522B3B /* XCRemoteSwiftPackageReference "SnapKit" */,
			);
			productRefGroup = 60C060082CDA290C00522B3B /* Products */;
			projectDirPath = "";
			projectRoot = "";
			targets = (
				60C060062CDA290C00522B3B /* n11-case */,
				60C0601C2CDA290D00522B3B /* n11-caseTests */,
				60C060262CDA290D00522B3B /* n11-caseUITests */,
			);
		};
/* End PBXProject section */

/* Begin PBXResourcesBuildPhase section */
		60C060052CDA290C00522B3B /* Resources */ = {
			isa = PBXResourcesBuildPhase;
			buildActionMask = 2147483647;
			files = (
				60C060172CDA290D00522B3B /* LaunchScreen.storyboard in Resources */,
				60C060142CDA290D00522B3B /* Assets.xcassets in Resources */,
				60C060122CDA290C00522B3B /* Main.storyboard in Resources */,
			);
			runOnlyForDeploymentPostprocessing = 0;
		};
		60C0601B2CDA290D00522B3B /* Resources */ = {
			isa = PBXResourcesBuildPhase;
			buildActionMask = 2147483647;
			files = (
			);
			runOnlyForDeploymentPostprocessing = 0;
		};
		60C060252CDA290D00522B3B /* Resources */ = {
			isa = PBXResourcesBuildPhase;
			buildActionMask = 2147483647;
			files = (
			);
			runOnlyForDeploymentPostprocessing = 0;
		};
/* End PBXResourcesBuildPhase section */

/* Begin PBXSourcesBuildPhase section */
		60C060032CDA290C00522B3B /* Sources */ = {
			isa = PBXSourcesBuildPhase;
			buildActionMask = 2147483647;
			files = (
				60C0604E2CDA5C0900522B3B /* HomePresenter.swift in Sources */,
				60C060492CDA55E100522B3B /* HomeContractor.swift in Sources */,
				60C0600F2CDA290C00522B3B /* ViewController.swift in Sources */,
				60C0600B2CDA290C00522B3B /* AppDelegate.swift in Sources */,
				60C0604C2CDA5B9100522B3B /* HomeInteractor.swift in Sources */,
				60C0600D2CDA290C00522B3B /* SceneDelegate.swift in Sources */,
				60C0603C2CDA453400522B3B /* HomeViewController.swift in Sources */,
			);
			runOnlyForDeploymentPostprocessing = 0;
		};
		60C060192CDA290D00522B3B /* Sources */ = {
			isa = PBXSourcesBuildPhase;
			buildActionMask = 2147483647;
			files = (
				60C060222CDA290D00522B3B /* n11_caseTests.swift in Sources */,
			);
			runOnlyForDeploymentPostprocessing = 0;
		};
		60C060232CDA290D00522B3B /* Sources */ = {
			isa = PBXSourcesBuildPhase;
			buildActionMask = 2147483647;
			files = (
				60C0602E2CDA290D00522B3B /* n11_caseUITestsLaunchTests.swift in Sources */,
				60C0602C2CDA290D00522B3B /* n11_caseUITests.swift in Sources */,
			);
			runOnlyForDeploymentPostprocessing = 0;
		};
/* End PBXSourcesBuildPhase section */

/* Begin PBXTargetDependency section */
		60C0601F2CDA290D00522B3B /* PBXTargetDependency */ = {
			isa = PBXTargetDependency;
			target = 60C060062CDA290C00522B3B /* n11-case */;
			targetProxy = 60C0601E2CDA290D00522B3B /* PBXContainerItemProxy */;
		};
		60C060292CDA290D00522B3B /* PBXTargetDependency */ = {
			isa = PBXTargetDependency;
			target = 60C060062CDA290C00522B3B /* n11-case */;
			targetProxy = 60C060282CDA290D00522B3B /* PBXContainerItemProxy */;
		};
/* End PBXTargetDependency section */

/* Begin PBXVariantGroup section */
		60C060102CDA290C00522B3B /* Main.storyboard */ = {
			isa = PBXVariantGroup;
			children = (
				60C060112CDA290C00522B3B /* Base */,
			);
			name = Main.storyboard;
			sourceTree = "<group>";
		};
		60C060152CDA290D00522B3B /* LaunchScreen.storyboard */ = {
			isa = PBXVariantGroup;
			children = (
				60C060162CDA290D00522B3B /* Base */,
			);
			name = LaunchScreen.storyboard;
			sourceTree = "<group>";
		};
/* End PBXVariantGroup section */

/* Begin XCBuildConfiguration section */
		60C0602F2CDA290D00522B3B /* Debug */ = {
			isa = XCBuildConfiguration;
			buildSettings = {
				ALWAYS_SEARCH_USER_PATHS = NO;
				ASSETCATALOG_COMPILER_GENERATE_SWIFT_ASSET_SYMBOL_EXTENSIONS = YES;
				CLANG_ANALYZER_NONNULL = YES;
				CLANG_ANALYZER_NUMBER_OBJECT_CONVERSION = YES_AGGRESSIVE;
				CLANG_CXX_LANGUAGE_STANDARD = "gnu++20";
				CLANG_ENABLE_MODULES = YES;
				CLANG_ENABLE_OBJC_ARC = YES;
				CLANG_ENABLE_OBJC_WEAK = YES;
				CLANG_WARN_BLOCK_CAPTURE_AUTORELEASING = YES;
				CLANG_WARN_BOOL_CONVERSION = YES;
				CLANG_WARN_COMMA = YES;
				CLANG_WARN_CONSTANT_CONVERSION = YES;
				CLANG_WARN_DEPRECATED_OBJC_IMPLEMENTATIONS = YES;
				CLANG_WARN_DIRECT_OBJC_ISA_USAGE = YES_ERROR;
				CLANG_WARN_DOCUMENTATION_COMMENTS = YES;
				CLANG_WARN_EMPTY_BODY = YES;
				CLANG_WARN_ENUM_CONVERSION = YES;
				CLANG_WARN_INFINITE_RECURSION = YES;
				CLANG_WARN_INT_CONVERSION = YES;
				CLANG_WARN_NON_LITERAL_NULL_CONVERSION = YES;
				CLANG_WARN_OBJC_IMPLICIT_RETAIN_SELF = YES;
				CLANG_WARN_OBJC_LITERAL_CONVERSION = YES;
				CLANG_WARN_OBJC_ROOT_CLASS = YES_ERROR;
				CLANG_WARN_QUOTED_INCLUDE_IN_FRAMEWORK_HEADER = YES;
				CLANG_WARN_RANGE_LOOP_ANALYSIS = YES;
				CLANG_WARN_STRICT_PROTOTYPES = YES;
				CLANG_WARN_SUSPICIOUS_MOVE = YES;
				CLANG_WARN_UNGUARDED_AVAILABILITY = YES_AGGRESSIVE;
				CLANG_WARN_UNREACHABLE_CODE = YES;
				CLANG_WARN__DUPLICATE_METHOD_MATCH = YES;
				COPY_PHASE_STRIP = NO;
				DEBUG_INFORMATION_FORMAT = dwarf;
				ENABLE_STRICT_OBJC_MSGSEND = YES;
				ENABLE_TESTABILITY = YES;
				ENABLE_USER_SCRIPT_SANDBOXING = YES;
				GCC_C_LANGUAGE_STANDARD = gnu17;
				GCC_DYNAMIC_NO_PIC = NO;
				GCC_NO_COMMON_BLOCKS = YES;
				GCC_OPTIMIZATION_LEVEL = 0;
				GCC_PREPROCESSOR_DEFINITIONS = (
					"DEBUG=1",
					"$(inherited)",
				);
				GCC_WARN_64_TO_32_BIT_CONVERSION = YES;
				GCC_WARN_ABOUT_RETURN_TYPE = YES_ERROR;
				GCC_WARN_UNDECLARED_SELECTOR = YES;
				GCC_WARN_UNINITIALIZED_AUTOS = YES_AGGRESSIVE;
				GCC_WARN_UNUSED_FUNCTION = YES;
				GCC_WARN_UNUSED_VARIABLE = YES;
				IPHONEOS_DEPLOYMENT_TARGET = 17.0;
				LOCALIZATION_PREFERS_STRING_CATALOGS = YES;
				MTL_ENABLE_DEBUG_INFO = INCLUDE_SOURCE;
				MTL_FAST_MATH = YES;
				ONLY_ACTIVE_ARCH = YES;
				SDKROOT = iphoneos;
				SWIFT_ACTIVE_COMPILATION_CONDITIONS = "DEBUG $(inherited)";
				SWIFT_OPTIMIZATION_LEVEL = "-Onone";
			};
			name = Debug;
		};
		60C060302CDA290D00522B3B /* Release */ = {
			isa = XCBuildConfiguration;
			buildSettings = {
				ALWAYS_SEARCH_USER_PATHS = NO;
				ASSETCATALOG_COMPILER_GENERATE_SWIFT_ASSET_SYMBOL_EXTENSIONS = YES;
				CLANG_ANALYZER_NONNULL = YES;
				CLANG_ANALYZER_NUMBER_OBJECT_CONVERSION = YES_AGGRESSIVE;
				CLANG_CXX_LANGUAGE_STANDARD = "gnu++20";
				CLANG_ENABLE_MODULES = YES;
				CLANG_ENABLE_OBJC_ARC = YES;
				CLANG_ENABLE_OBJC_WEAK = YES;
				CLANG_WARN_BLOCK_CAPTURE_AUTORELEASING = YES;
				CLANG_WARN_BOOL_CONVERSION = YES;
				CLANG_WARN_COMMA = YES;
				CLANG_WARN_CONSTANT_CONVERSION = YES;
				CLANG_WARN_DEPRECATED_OBJC_IMPLEMENTATIONS = YES;
				CLANG_WARN_DIRECT_OBJC_ISA_USAGE = YES_ERROR;
				CLANG_WARN_DOCUMENTATION_COMMENTS = YES;
				CLANG_WARN_EMPTY_BODY = YES;
				CLANG_WARN_ENUM_CONVERSION = YES;
				CLANG_WARN_INFINITE_RECURSION = YES;
				CLANG_WARN_INT_CONVERSION = YES;
				CLANG_WARN_NON_LITERAL_NULL_CONVERSION = YES;
				CLANG_WARN_OBJC_IMPLICIT_RETAIN_SELF = YES;
				CLANG_WARN_OBJC_LITERAL_CONVERSION = YES;
				CLANG_WARN_OBJC_ROOT_CLASS = YES_ERROR;
				CLANG_WARN_QUOTED_INCLUDE_IN_FRAMEWORK_HEADER = YES;
				CLANG_WARN_RANGE_LOOP_ANALYSIS = YES;
				CLANG_WARN_STRICT_PROTOTYPES = YES;
				CLANG_WARN_SUSPICIOUS_MOVE = YES;
				CLANG_WARN_UNGUARDED_AVAILABILITY = YES_AGGRESSIVE;
				CLANG_WARN_UNREACHABLE_CODE = YES;
				CLANG_WARN__DUPLICATE_METHOD_MATCH = YES;
				COPY_PHASE_STRIP = NO;
				DEBUG_INFORMATION_FORMAT = "dwarf-with-dsym";
				ENABLE_NS_ASSERTIONS = NO;
				ENABLE_STRICT_OBJC_MSGSEND = YES;
				ENABLE_USER_SCRIPT_SANDBOXING = YES;
				GCC_C_LANGUAGE_STANDARD = gnu17;
				GCC_NO_COMMON_BLOCKS = YES;
				GCC_WARN_64_TO_32_BIT_CONVERSION = YES;
				GCC_WARN_ABOUT_RETURN_TYPE = YES_ERROR;
				GCC_WARN_UNDECLARED_SELECTOR = YES;
				GCC_WARN_UNINITIALIZED_AUTOS = YES_AGGRESSIVE;
				GCC_WARN_UNUSED_FUNCTION = YES;
				GCC_WARN_UNUSED_VARIABLE = YES;
				IPHONEOS_DEPLOYMENT_TARGET = 17.0;
				LOCALIZATION_PREFERS_STRING_CATALOGS = YES;
				MTL_ENABLE_DEBUG_INFO = NO;
				MTL_FAST_MATH = YES;
				SDKROOT = iphoneos;
				SWIFT_COMPILATION_MODE = wholemodule;
				VALIDATE_PRODUCT = YES;
			};
			name = Release;
		};
		60C060322CDA290D00522B3B /* Debug */ = {
			isa = XCBuildConfiguration;
			buildSettings = {
				ASSETCATALOG_COMPILER_APPICON_NAME = AppIcon;
				ASSETCATALOG_COMPILER_GLOBAL_ACCENT_COLOR_NAME = AccentColor;
				CODE_SIGN_STYLE = Automatic;
				CURRENT_PROJECT_VERSION = 1;
				DEVELOPMENT_TEAM = TFV5399V38;
				GENERATE_INFOPLIST_FILE = YES;
				INFOPLIST_FILE = "n11-case/Info.plist";
				INFOPLIST_KEY_UIApplicationSupportsIndirectInputEvents = YES;
				INFOPLIST_KEY_UILaunchStoryboardName = LaunchScreen;
				INFOPLIST_KEY_UIMainStoryboardFile = Main;
				INFOPLIST_KEY_UISupportedInterfaceOrientations_iPad = "UIInterfaceOrientationPortrait UIInterfaceOrientationPortraitUpsideDown UIInterfaceOrientationLandscapeLeft UIInterfaceOrientationLandscapeRight";
				INFOPLIST_KEY_UISupportedInterfaceOrientations_iPhone = "UIInterfaceOrientationPortrait UIInterfaceOrientationLandscapeLeft UIInterfaceOrientationLandscapeRight";
				LD_RUNPATH_SEARCH_PATHS = (
					"$(inherited)",
					"@executable_path/Frameworks",
				);
				MARKETING_VERSION = 1.0;
				PRODUCT_BUNDLE_IDENTIFIER = "com.simgeatlihan.n11-case";
				PRODUCT_NAME = "$(TARGET_NAME)";
				SWIFT_EMIT_LOC_STRINGS = YES;
				SWIFT_VERSION = 5.0;
				TARGETED_DEVICE_FAMILY = "1,2";
			};
			name = Debug;
		};
		60C060332CDA290D00522B3B /* Release */ = {
			isa = XCBuildConfiguration;
			buildSettings = {
				ASSETCATALOG_COMPILER_APPICON_NAME = AppIcon;
				ASSETCATALOG_COMPILER_GLOBAL_ACCENT_COLOR_NAME = AccentColor;
				CODE_SIGN_STYLE = Automatic;
				CURRENT_PROJECT_VERSION = 1;
				DEVELOPMENT_TEAM = TFV5399V38;
				GENERATE_INFOPLIST_FILE = YES;
				INFOPLIST_FILE = "n11-case/Info.plist";
				INFOPLIST_KEY_UIApplicationSupportsIndirectInputEvents = YES;
				INFOPLIST_KEY_UILaunchStoryboardName = LaunchScreen;
				INFOPLIST_KEY_UIMainStoryboardFile = Main;
				INFOPLIST_KEY_UISupportedInterfaceOrientations_iPad = "UIInterfaceOrientationPortrait UIInterfaceOrientationPortraitUpsideDown UIInterfaceOrientationLandscapeLeft UIInterfaceOrientationLandscapeRight";
				INFOPLIST_KEY_UISupportedInterfaceOrientations_iPhone = "UIInterfaceOrientationPortrait UIInterfaceOrientationLandscapeLeft UIInterfaceOrientationLandscapeRight";
				LD_RUNPATH_SEARCH_PATHS = (
					"$(inherited)",
					"@executable_path/Frameworks",
				);
				MARKETING_VERSION = 1.0;
				PRODUCT_BUNDLE_IDENTIFIER = "com.simgeatlihan.n11-case";
				PRODUCT_NAME = "$(TARGET_NAME)";
				SWIFT_EMIT_LOC_STRINGS = YES;
				SWIFT_VERSION = 5.0;
				TARGETED_DEVICE_FAMILY = "1,2";
			};
			name = Release;
		};
		60C060352CDA290D00522B3B /* Debug */ = {
			isa = XCBuildConfiguration;
			buildSettings = {
				ALWAYS_EMBED_SWIFT_STANDARD_LIBRARIES = YES;
				BUNDLE_LOADER = "$(TEST_HOST)";
				CODE_SIGN_STYLE = Automatic;
				CURRENT_PROJECT_VERSION = 1;
				DEVELOPMENT_TEAM = TFV5399V38;
				GENERATE_INFOPLIST_FILE = YES;
				IPHONEOS_DEPLOYMENT_TARGET = 17.0;
				MARKETING_VERSION = 1.0;
				PRODUCT_BUNDLE_IDENTIFIER = "com.simgeatlihan.n11-caseTests";
				PRODUCT_NAME = "$(TARGET_NAME)";
				SWIFT_EMIT_LOC_STRINGS = NO;
				SWIFT_VERSION = 5.0;
				TARGETED_DEVICE_FAMILY = "1,2";
				TEST_HOST = "$(BUILT_PRODUCTS_DIR)/n11-case.app/$(BUNDLE_EXECUTABLE_FOLDER_PATH)/n11-case";
			};
			name = Debug;
		};
		60C060362CDA290D00522B3B /* Release */ = {
			isa = XCBuildConfiguration;
			buildSettings = {
				ALWAYS_EMBED_SWIFT_STANDARD_LIBRARIES = YES;
				BUNDLE_LOADER = "$(TEST_HOST)";
				CODE_SIGN_STYLE = Automatic;
				CURRENT_PROJECT_VERSION = 1;
				DEVELOPMENT_TEAM = TFV5399V38;
				GENERATE_INFOPLIST_FILE = YES;
				IPHONEOS_DEPLOYMENT_TARGET = 17.0;
				MARKETING_VERSION = 1.0;
				PRODUCT_BUNDLE_IDENTIFIER = "com.simgeatlihan.n11-caseTests";
				PRODUCT_NAME = "$(TARGET_NAME)";
				SWIFT_EMIT_LOC_STRINGS = NO;
				SWIFT_VERSION = 5.0;
				TARGETED_DEVICE_FAMILY = "1,2";
				TEST_HOST = "$(BUILT_PRODUCTS_DIR)/n11-case.app/$(BUNDLE_EXECUTABLE_FOLDER_PATH)/n11-case";
			};
			name = Release;
		};
		60C060382CDA290D00522B3B /* Debug */ = {
			isa = XCBuildConfiguration;
			buildSettings = {
				ALWAYS_EMBED_SWIFT_STANDARD_LIBRARIES = YES;
				CODE_SIGN_STYLE = Automatic;
				CURRENT_PROJECT_VERSION = 1;
				DEVELOPMENT_TEAM = TFV5399V38;
				GENERATE_INFOPLIST_FILE = YES;
				MARKETING_VERSION = 1.0;
				PRODUCT_BUNDLE_IDENTIFIER = "com.simgeatlihan.n11-caseUITests";
				PRODUCT_NAME = "$(TARGET_NAME)";
				SWIFT_EMIT_LOC_STRINGS = NO;
				SWIFT_VERSION = 5.0;
				TARGETED_DEVICE_FAMILY = "1,2";
				TEST_TARGET_NAME = "n11-case";
			};
			name = Debug;
		};
		60C060392CDA290D00522B3B /* Release */ = {
			isa = XCBuildConfiguration;
			buildSettings = {
				ALWAYS_EMBED_SWIFT_STANDARD_LIBRARIES = YES;
				CODE_SIGN_STYLE = Automatic;
				CURRENT_PROJECT_VERSION = 1;
				DEVELOPMENT_TEAM = TFV5399V38;
				GENERATE_INFOPLIST_FILE = YES;
				MARKETING_VERSION = 1.0;
				PRODUCT_BUNDLE_IDENTIFIER = "com.simgeatlihan.n11-caseUITests";
				PRODUCT_NAME = "$(TARGET_NAME)";
				SWIFT_EMIT_LOC_STRINGS = NO;
				SWIFT_VERSION = 5.0;
				TARGETED_DEVICE_FAMILY = "1,2";
				TEST_TARGET_NAME = "n11-case";
			};
			name = Release;
		};
/* End XCBuildConfiguration section */

/* Begin XCConfigurationList section */
		60C060022CDA290C00522B3B /* Build configuration list for PBXProject "n11-case" */ = {
			isa = XCConfigurationList;
			buildConfigurations = (
				60C0602F2CDA290D00522B3B /* Debug */,
				60C060302CDA290D00522B3B /* Release */,
			);
			defaultConfigurationIsVisible = 0;
			defaultConfigurationName = Release;
		};
		60C060312CDA290D00522B3B /* Build configuration list for PBXNativeTarget "n11-case" */ = {
			isa = XCConfigurationList;
			buildConfigurations = (
				60C060322CDA290D00522B3B /* Debug */,
				60C060332CDA290D00522B3B /* Release */,
			);
			defaultConfigurationIsVisible = 0;
			defaultConfigurationName = Release;
		};
		60C060342CDA290D00522B3B /* Build configuration list for PBXNativeTarget "n11-caseTests" */ = {
			isa = XCConfigurationList;
			buildConfigurations = (
				60C060352CDA290D00522B3B /* Debug */,
				60C060362CDA290D00522B3B /* Release */,
			);
			defaultConfigurationIsVisible = 0;
			defaultConfigurationName = Release;
		};
		60C060372CDA290D00522B3B /* Build configuration list for PBXNativeTarget "n11-caseUITests" */ = {
			isa = XCConfigurationList;
			buildConfigurations = (
				60C060382CDA290D00522B3B /* Debug */,
				60C060392CDA290D00522B3B /* Release */,
			);
			defaultConfigurationIsVisible = 0;
			defaultConfigurationName = Release;
		};
/* End XCConfigurationList section */

/* Begin XCRemoteSwiftPackageReference section */
		60C0603D2CDA459300522B3B /* XCRemoteSwiftPackageReference "SnapKit" */ = {
			isa = XCRemoteSwiftPackageReference;
			repositoryURL = "https://github.com/SnapKit/SnapKit.git";
			requirement = {
				kind = upToNextMajorVersion;
				minimumVersion = 5.7.1;
			};
		};
/* End XCRemoteSwiftPackageReference section */

/* Begin XCSwiftPackageProductDependency section */
		60C0603E2CDA468500522B3B /* SnapKit */ = {
			isa = XCSwiftPackageProductDependency;
			package = 60C0603D2CDA459300522B3B /* XCRemoteSwiftPackageReference "SnapKit" */;
			productName = SnapKit;
		};
/* End XCSwiftPackageProductDependency section */
	};
	rootObject = 60C05FFF2CDA290C00522B3B /* Project object */;
}
