// !$*UTF8*$!
{
	archiveVersion = 1;
	classes = {
	};
	objectVersion = 56;
	objects = {

/* Begin PBXBuildFile section */
		601725272CDCC5C7003E8D7E /* TabBarViewController.swift in Sources */ = {isa = PBXBuildFile; fileRef = 601725262CDCC5C7003E8D7E /* TabBarViewController.swift */; };
		6017252A2CDCCBC5003E8D7E /* SplashViewController.swift in Sources */ = {isa = PBXBuildFile; fileRef = 601725292CDCCBC5003E8D7E /* SplashViewController.swift */; };
		6017252C2CDCCBD0003E8D7E /* SplashPresenter.swift in Sources */ = {isa = PBXBuildFile; fileRef = 6017252B2CDCCBD0003E8D7E /* SplashPresenter.swift */; };
		6017252E2CDCCF6C003E8D7E /* SplashInteractor.swift in Sources */ = {isa = PBXBuildFile; fileRef = 6017252D2CDCCF6C003E8D7E /* SplashInteractor.swift */; };
		601725302CDCCF92003E8D7E /* SplashContractor.swift in Sources */ = {isa = PBXBuildFile; fileRef = 6017252F2CDCCF92003E8D7E /* SplashContractor.swift */; };
		601725322CDCCF9C003E8D7E /* SplashRouter.swift in Sources */ = {isa = PBXBuildFile; fileRef = 601725312CDCCF9C003E8D7E /* SplashRouter.swift */; };
		6017253A2CDCD83C003E8D7E /* Colors.swift in Sources */ = {isa = PBXBuildFile; fileRef = 601725392CDCD83C003E8D7E /* Colors.swift */; };
		6017253D2CDCE6C2003E8D7E /* StarRatingView.swift in Sources */ = {isa = PBXBuildFile; fileRef = 6017253C2CDCE6C2003E8D7E /* StarRatingView.swift */; };
		6017253F2CDCEF50003E8D7E /* PriceFormatter.swift in Sources */ = {isa = PBXBuildFile; fileRef = 6017253E2CDCEF50003E8D7E /* PriceFormatter.swift */; };
		6021E9A32CDB786D00563A0F /* ProductDetailViewController.swift in Sources */ = {isa = PBXBuildFile; fileRef = 6021E9A22CDB786D00563A0F /* ProductDetailViewController.swift */; };
		6021E9A52CDB787C00563A0F /* ProductDetailContractor.swift in Sources */ = {isa = PBXBuildFile; fileRef = 6021E9A42CDB787C00563A0F /* ProductDetailContractor.swift */; };
		6021E9A72CDB788F00563A0F /* ProductDetailInteractor.swift in Sources */ = {isa = PBXBuildFile; fileRef = 6021E9A62CDB788F00563A0F /* ProductDetailInteractor.swift */; };
		6021E9AA2CDB78A400563A0F /* ProductDetailPresenter.swift in Sources */ = {isa = PBXBuildFile; fileRef = 6021E9A92CDB78A400563A0F /* ProductDetailPresenter.swift */; };
		6021E9AC2CDB78B200563A0F /* ProductDetailEntity.swift in Sources */ = {isa = PBXBuildFile; fileRef = 6021E9AB2CDB78B200563A0F /* ProductDetailEntity.swift */; };
		6021E9AE2CDB78BF00563A0F /* ProductDetailRouter.swift in Sources */ = {isa = PBXBuildFile; fileRef = 6021E9AD2CDB78BF00563A0F /* ProductDetailRouter.swift */; };
		6021E9B02CDB833B00563A0F /* NetworkManager.swift in Sources */ = {isa = PBXBuildFile; fileRef = 6021E9AF2CDB833B00563A0F /* NetworkManager.swift */; };
		6021E9B32CDB976100563A0F /* ImageCell.swift in Sources */ = {isa = PBXBuildFile; fileRef = 6021E9B22CDB976100563A0F /* ImageCell.swift */; };
		60C0600B2CDA290C00522B3B /* AppDelegate.swift in Sources */ = {isa = PBXBuildFile; fileRef = 60C0600A2CDA290C00522B3B /* AppDelegate.swift */; };
		60C0600D2CDA290C00522B3B /* SceneDelegate.swift in Sources */ = {isa = PBXBuildFile; fileRef = 60C0600C2CDA290C00522B3B /* SceneDelegate.swift */; };
		60C0600F2CDA290C00522B3B /* ViewController.swift in Sources */ = {isa = PBXBuildFile; fileRef = 60C0600E2CDA290C00522B3B /* ViewController.swift */; };
		60C060122CDA290C00522B3B /* Main.storyboard in Resources */ = {isa = PBXBuildFile; fileRef = 60C060102CDA290C00522B3B /* Main.storyboard */; };
		60C060142CDA290D00522B3B /* Assets.xcassets in Resources */ = {isa = PBXBuildFile; fileRef = 60C060132CDA290D00522B3B /* Assets.xcassets */; };
		60C060172CDA290D00522B3B /* LaunchScreen.storyboard in Resources */ = {isa = PBXBuildFile; fileRef = 60C060152CDA290D00522B3B /* LaunchScreen.storyboard */; };
		60C060222CDA290D00522B3B /* n11_caseTests.swift in Sources */ = {isa = PBXBuildFile; fileRef = 60C060212CDA290D00522B3B /* n11_caseTests.swift */; };
		60C0602C2CDA290D00522B3B /* n11_caseUITests.swift in Sources */ = {isa = PBXBuildFile; fileRef = 60C0602B2CDA290D00522B3B /* n11_caseUITests.swift */; };
		60C0602E2CDA290D00522B3B /* n11_caseUITestsLaunchTests.swift in Sources */ = {isa = PBXBuildFile; fileRef = 60C0602D2CDA290D00522B3B /* n11_caseUITestsLaunchTests.swift */; };
		60C0603C2CDA453400522B3B /* HomeViewController.swift in Sources */ = {isa = PBXBuildFile; fileRef = 60C0603B2CDA453400522B3B /* HomeViewController.swift */; };
		60C0603F2CDA468500522B3B /* SnapKit in Frameworks */ = {isa = PBXBuildFile; productRef = 60C0603E2CDA468500522B3B /* SnapKit */; };
		60C060492CDA55E100522B3B /* HomeContractor.swift in Sources */ = {isa = PBXBuildFile; fileRef = 60C060482CDA55E100522B3B /* HomeContractor.swift */; };
		60C0604C2CDA5B9100522B3B /* HomeInteractor.swift in Sources */ = {isa = PBXBuildFile; fileRef = 60C0604B2CDA5B9100522B3B /* HomeInteractor.swift */; };
		60C0604E2CDA5C0900522B3B /* HomePresenter.swift in Sources */ = {isa = PBXBuildFile; fileRef = 60C0604D2CDA5C0900522B3B /* HomePresenter.swift */; };
		60C060502CDA61DB00522B3B /* SponsoredProductEntity.swift in Sources */ = {isa = PBXBuildFile; fileRef = 60C0604F2CDA61DB00522B3B /* SponsoredProductEntity.swift */; };
		60C060532CDA634800522B3B /* Alamofire in Frameworks */ = {isa = PBXBuildFile; productRef = 60C060522CDA634800522B3B /* Alamofire */; };
		60C060562CDA6AB300522B3B /* ServiceConstant.swift in Sources */ = {isa = PBXBuildFile; fileRef = 60C060552CDA6AB300522B3B /* ServiceConstant.swift */; };
		60C060582CDA767000522B3B /* SponsoredProductCell.swift in Sources */ = {isa = PBXBuildFile; fileRef = 60C060572CDA767000522B3B /* SponsoredProductCell.swift */; };
		60C0605B2CDA76BA00522B3B /* Kingfisher in Frameworks */ = {isa = PBXBuildFile; productRef = 60C0605A2CDA76BA00522B3B /* Kingfisher */; };
		60C0605D2CDA78F500522B3B /* HomeRouter.swift in Sources */ = {isa = PBXBuildFile; fileRef = 60C0605C2CDA78F500522B3B /* HomeRouter.swift */; };
		60C0605F2CDA83BC00522B3B /* ProductEntity.swift in Sources */ = {isa = PBXBuildFile; fileRef = 60C0605E2CDA83BC00522B3B /* ProductEntity.swift */; };
		60C060612CDA849200522B3B /* ProductCell.swift in Sources */ = {isa = PBXBuildFile; fileRef = 60C060602CDA849200522B3B /* ProductCell.swift */; };
/* End PBXBuildFile section */

/* Begin PBXContainerItemProxy section */
		60C0601E2CDA290D00522B3B /* PBXContainerItemProxy */ = {
			isa = PBXContainerItemProxy;
			containerPortal = 60C05FFF2CDA290C00522B3B /* Project object */;
			proxyType = 1;
			remoteGlobalIDString = 60C060062CDA290C00522B3B;
			remoteInfo = "n11-case";
		};
		60C060282CDA290D00522B3B /* PBXContainerItemProxy */ = {
			isa = PBXContainerItemProxy;
			containerPortal = 60C05FFF2CDA290C00522B3B /* Project object */;
			proxyType = 1;
			remoteGlobalIDString = 60C060062CDA290C00522B3B;
			remoteInfo = "n11-case";
		};
/* End PBXContainerItemProxy section */

/* Begin PBXFileReference section */
		601725262CDCC5C7003E8D7E /* TabBarViewController.swift */ = {isa = PBXFileReference; lastKnownFileType = sourcecode.swift; path = TabBarViewController.swift; sourceTree = "<group>"; };
		601725292CDCCBC5003E8D7E /* SplashViewController.swift */ = {isa = PBXFileReference; lastKnownFileType = sourcecode.swift; path = SplashViewController.swift; sourceTree = "<group>"; };
		6017252B2CDCCBD0003E8D7E /* SplashPresenter.swift */ = {isa = PBXFileReference; lastKnownFileType = sourcecode.swift; path = SplashPresenter.swift; sourceTree = "<group>"; };
		6017252D2CDCCF6C003E8D7E /* SplashInteractor.swift */ = {isa = PBXFileReference; lastKnownFileType = sourcecode.swift; path = SplashInteractor.swift; sourceTree = "<group>"; };
		6017252F2CDCCF92003E8D7E /* SplashContractor.swift */ = {isa = PBXFileReference; lastKnownFileType = sourcecode.swift; path = SplashContractor.swift; sourceTree = "<group>"; };
		601725312CDCCF9C003E8D7E /* SplashRouter.swift */ = {isa = PBXFileReference; lastKnownFileType = sourcecode.swift; path = SplashRouter.swift; sourceTree = "<group>"; };
		601725392CDCD83C003E8D7E /* Colors.swift */ = {isa = PBXFileReference; lastKnownFileType = sourcecode.swift; path = Colors.swift; sourceTree = "<group>"; };
		6017253C2CDCE6C2003E8D7E /* StarRatingView.swift */ = {isa = PBXFileReference; lastKnownFileType = sourcecode.swift; path = StarRatingView.swift; sourceTree = "<group>"; };
		6017253E2CDCEF50003E8D7E /* PriceFormatter.swift */ = {isa = PBXFileReference; lastKnownFileType = sourcecode.swift; path = PriceFormatter.swift; sourceTree = "<group>"; };
		6021E9A22CDB786D00563A0F /* ProductDetailViewController.swift */ = {isa = PBXFileReference; lastKnownFileType = sourcecode.swift; path = ProductDetailViewController.swift; sourceTree = "<group>"; };
		6021E9A42CDB787C00563A0F /* ProductDetailContractor.swift */ = {isa = PBXFileReference; lastKnownFileType = sourcecode.swift; path = ProductDetailContractor.swift; sourceTree = "<group>"; };
		6021E9A62CDB788F00563A0F /* ProductDetailInteractor.swift */ = {isa = PBXFileReference; lastKnownFileType = sourcecode.swift; path = ProductDetailInteractor.swift; sourceTree = "<group>"; };
		6021E9A92CDB78A400563A0F /* ProductDetailPresenter.swift */ = {isa = PBXFileReference; lastKnownFileType = sourcecode.swift; path = ProductDetailPresenter.swift; sourceTree = "<group>"; };
		6021E9AB2CDB78B200563A0F /* ProductDetailEntity.swift */ = {isa = PBXFileReference; lastKnownFileType = sourcecode.swift; path = ProductDetailEntity.swift; sourceTree = "<group>"; };
		6021E9AD2CDB78BF00563A0F /* ProductDetailRouter.swift */ = {isa = PBXFileReference; lastKnownFileType = sourcecode.swift; path = ProductDetailRouter.swift; sourceTree = "<group>"; };
		6021E9AF2CDB833B00563A0F /* NetworkManager.swift */ = {isa = PBXFileReference; lastKnownFileType = sourcecode.swift; path = NetworkManager.swift; sourceTree = "<group>"; };
		6021E9B22CDB976100563A0F /* ImageCell.swift */ = {isa = PBXFileReference; lastKnownFileType = sourcecode.swift; path = ImageCell.swift; sourceTree = "<group>"; };
		60C060072CDA290C00522B3B /* n11-case.app */ = {isa = PBXFileReference; explicitFileType = wrapper.application; includeInIndex = 0; path = "n11-case.app"; sourceTree = BUILT_PRODUCTS_DIR; };
		60C0600A2CDA290C00522B3B /* AppDelegate.swift */ = {isa = PBXFileReference; lastKnownFileType = sourcecode.swift; path = AppDelegate.swift; sourceTree = "<group>"; };
		60C0600C2CDA290C00522B3B /* SceneDelegate.swift */ = {isa = PBXFileReference; lastKnownFileType = sourcecode.swift; path = SceneDelegate.swift; sourceTree = "<group>"; };
		60C0600E2CDA290C00522B3B /* ViewController.swift */ = {isa = PBXFileReference; lastKnownFileType = sourcecode.swift; path = ViewController.swift; sourceTree = "<group>"; };
		60C060112CDA290C00522B3B /* Base */ = {isa = PBXFileReference; lastKnownFileType = file.storyboard; name = Base; path = Base.lproj/Main.storyboard; sourceTree = "<group>"; };
		60C060132CDA290D00522B3B /* Assets.xcassets */ = {isa = PBXFileReference; lastKnownFileType = folder.assetcatalog; path = Assets.xcassets; sourceTree = "<group>"; };
		60C060162CDA290D00522B3B /* Base */ = {isa = PBXFileReference; lastKnownFileType = file.storyboard; name = Base; path = Base.lproj/LaunchScreen.storyboard; sourceTree = "<group>"; };
		60C060182CDA290D00522B3B /* Info.plist */ = {isa = PBXFileReference; lastKnownFileType = text.plist.xml; path = Info.plist; sourceTree = "<group>"; };
		60C0601D2CDA290D00522B3B /* n11-caseTests.xctest */ = {isa = PBXFileReference; explicitFileType = wrapper.cfbundle; includeInIndex = 0; path = "n11-caseTests.xctest"; sourceTree = BUILT_PRODUCTS_DIR; };
		60C060212CDA290D00522B3B /* n11_caseTests.swift */ = {isa = PBXFileReference; lastKnownFileType = sourcecode.swift; path = n11_caseTests.swift; sourceTree = "<group>"; };
		60C060272CDA290D00522B3B /* n11-caseUITests.xctest */ = {isa = PBXFileReference; explicitFileType = wrapper.cfbundle; includeInIndex = 0; path = "n11-caseUITests.xctest"; sourceTree = BUILT_PRODUCTS_DIR; };
		60C0602B2CDA290D00522B3B /* n11_caseUITests.swift */ = {isa = PBXFileReference; lastKnownFileType = sourcecode.swift; path = n11_caseUITests.swift; sourceTree = "<group>"; };
		60C0602D2CDA290D00522B3B /* n11_caseUITestsLaunchTests.swift */ = {isa = PBXFileReference; lastKnownFileType = sourcecode.swift; path = n11_caseUITestsLaunchTests.swift; sourceTree = "<group>"; };
		60C0603B2CDA453400522B3B /* HomeViewController.swift */ = {isa = PBXFileReference; lastKnownFileType = sourcecode.swift; path = HomeViewController.swift; sourceTree = "<group>"; };
		60C060482CDA55E100522B3B /* HomeContractor.swift */ = {isa = PBXFileReference; lastKnownFileType = sourcecode.swift; path = HomeContractor.swift; sourceTree = "<group>"; };
		60C0604B2CDA5B9100522B3B /* HomeInteractor.swift */ = {isa = PBXFileReference; lastKnownFileType = sourcecode.swift; path = HomeInteractor.swift; sourceTree = "<group>"; };
		60C0604D2CDA5C0900522B3B /* HomePresenter.swift */ = {isa = PBXFileReference; lastKnownFileType = sourcecode.swift; path = HomePresenter.swift; sourceTree = "<group>"; };
		60C0604F2CDA61DB00522B3B /* SponsoredProductEntity.swift */ = {isa = PBXFileReference; lastKnownFileType = sourcecode.swift; path = SponsoredProductEntity.swift; sourceTree = "<group>"; };
		60C060552CDA6AB300522B3B /* ServiceConstant.swift */ = {isa = PBXFileReference; lastKnownFileType = sourcecode.swift; path = ServiceConstant.swift; sourceTree = "<group>"; };
		60C060572CDA767000522B3B /* SponsoredProductCell.swift */ = {isa = PBXFileReference; lastKnownFileType = sourcecode.swift; path = SponsoredProductCell.swift; sourceTree = "<group>"; };
		60C0605C2CDA78F500522B3B /* HomeRouter.swift */ = {isa = PBXFileReference; lastKnownFileType = sourcecode.swift; path = HomeRouter.swift; sourceTree = "<group>"; };
		60C0605E2CDA83BC00522B3B /* ProductEntity.swift */ = {isa = PBXFileReference; lastKnownFileType = sourcecode.swift; path = ProductEntity.swift; sourceTree = "<group>"; };
		60C060602CDA849200522B3B /* ProductCell.swift */ = {isa = PBXFileReference; lastKnownFileType = sourcecode.swift; path = ProductCell.swift; sourceTree = "<group>"; };
/* End PBXFileReference section */

/* Begin PBXFrameworksBuildPhase section */
		60C060042CDA290C00522B3B /* Frameworks */ = {
			isa = PBXFrameworksBuildPhase;
			buildActionMask = 2147483647;
			files = (
				60C0605B2CDA76BA00522B3B /* Kingfisher in Frameworks */,
				60C0603F2CDA468500522B3B /* SnapKit in Frameworks */,
				60C060532CDA634800522B3B /* Alamofire in Frameworks */,
			);
			runOnlyForDeploymentPostprocessing = 0;
		};
		60C0601A2CDA290D00522B3B /* Frameworks */ = {
			isa = PBXFrameworksBuildPhase;
			buildActionMask = 2147483647;
			files = (
			);
			runOnlyForDeploymentPostprocessing = 0;
		};
		60C060242CDA290D00522B3B /* Frameworks */ = {
			isa = PBXFrameworksBuildPhase;
			buildActionMask = 2147483647;
			files = (
			);
			runOnlyForDeploymentPostprocessing = 0;
		};
/* End PBXFrameworksBuildPhase section */

/* Begin PBXGroup section */
		601725252CDCC554003E8D7E /* TabBar */ = {
			isa = PBXGroup;
			children = (
				601725262CDCC5C7003E8D7E /* TabBarViewController.swift */,
			);
			path = TabBar;
			sourceTree = "<group>";
		};
		601725282CDCCBAB003E8D7E /* Splash */ = {
			isa = PBXGroup;
			children = (
				601725382CDCD3B6003E8D7E /* Router */,
				601725372CDCD3AE003E8D7E /* Presenter */,
				601725352CDCD399003E8D7E /* Interactor */,
				601725342CDCD38F003E8D7E /* Contractor */,
				601725332CDCD388003E8D7E /* View */,
			);
			path = Splash;
			sourceTree = "<group>";
		};
		601725332CDCD388003E8D7E /* View */ = {
			isa = PBXGroup;
			children = (
				601725292CDCCBC5003E8D7E /* SplashViewController.swift */,
			);
			path = View;
			sourceTree = "<group>";
		};
		601725342CDCD38F003E8D7E /* Contractor */ = {
			isa = PBXGroup;
			children = (
				6017252F2CDCCF92003E8D7E /* SplashContractor.swift */,
			);
			path = Contractor;
			sourceTree = "<group>";
		};
		601725352CDCD399003E8D7E /* Interactor */ = {
			isa = PBXGroup;
			children = (
				6017252D2CDCCF6C003E8D7E /* SplashInteractor.swift */,
			);
			path = Interactor;
			sourceTree = "<group>";
		};
		601725372CDCD3AE003E8D7E /* Presenter */ = {
			isa = PBXGroup;
			children = (
				6017252B2CDCCBD0003E8D7E /* SplashPresenter.swift */,
			);
			path = Presenter;
			sourceTree = "<group>";
		};
		601725382CDCD3B6003E8D7E /* Router */ = {
			isa = PBXGroup;
			children = (
				601725312CDCCF9C003E8D7E /* SplashRouter.swift */,
			);
			path = Router;
			sourceTree = "<group>";
		};
		6017253B2CDCE6B8003E8D7E /* Components */ = {
			isa = PBXGroup;
			children = (
				6017253C2CDCE6C2003E8D7E /* StarRatingView.swift */,
			);
			path = Components;
			sourceTree = "<group>";
		};
		601725402CDCF096003E8D7E /* Formatters */ = {
			isa = PBXGroup;
			children = (
				6017253E2CDCEF50003E8D7E /* PriceFormatter.swift */,
			);
			path = Formatters;
			sourceTree = "<group>";
		};
		6021E9992CDB6FE700563A0F /* Cell */ = {
			isa = PBXGroup;
			children = (
				60C060602CDA849200522B3B /* ProductCell.swift */,
				60C060572CDA767000522B3B /* SponsoredProductCell.swift */,
			);
			path = Cell;
			sourceTree = "<group>";
		};
		6021E99A2CDB77E500563A0F /* ProductDetail */ = {
			isa = PBXGroup;
			children = (
				6021E9A12CDB784D00563A0F /* Router */,
				6021E9A02CDB784800563A0F /* Entity */,
				6021E99F2CDB783D00563A0F /* Presenter */,
				6021E99D2CDB77FF00563A0F /* Interactor */,
				6021E99C2CDB77F600563A0F /* Contractor */,
				6021E99B2CDB77F100563A0F /* View */,
			);
			path = ProductDetail;
			sourceTree = "<group>";
		};
		6021E99B2CDB77F100563A0F /* View */ = {
			isa = PBXGroup;
			children = (
				6021E9B42CDBA73400563A0F /* Cell */,
				6021E9A22CDB786D00563A0F /* ProductDetailViewController.swift */,
			);
			path = View;
			sourceTree = "<group>";
		};
		6021E99C2CDB77F600563A0F /* Contractor */ = {
			isa = PBXGroup;
			children = (
				6021E9A42CDB787C00563A0F /* ProductDetailContractor.swift */,
			);
			path = Contractor;
			sourceTree = "<group>";
		};
		6021E99D2CDB77FF00563A0F /* Interactor */ = {
			isa = PBXGroup;
			children = (
				6021E9A62CDB788F00563A0F /* ProductDetailInteractor.swift */,
			);
			path = Interactor;
			sourceTree = "<group>";
		};
		6021E99F2CDB783D00563A0F /* Presenter */ = {
			isa = PBXGroup;
			children = (
				6021E9A92CDB78A400563A0F /* ProductDetailPresenter.swift */,
			);
			path = Presenter;
			sourceTree = "<group>";
		};
		6021E9A02CDB784800563A0F /* Entity */ = {
			isa = PBXGroup;
			children = (
				6021E9AB2CDB78B200563A0F /* ProductDetailEntity.swift */,
			);
			path = Entity;
			sourceTree = "<group>";
		};
		6021E9A12CDB784D00563A0F /* Router */ = {
			isa = PBXGroup;
			children = (
				6021E9AD2CDB78BF00563A0F /* ProductDetailRouter.swift */,
			);
			path = Router;
			sourceTree = "<group>";
		};
		6021E9B12CDB87C500563A0F /* NetworkManager */ = {
			isa = PBXGroup;
			children = (
				6021E9AF2CDB833B00563A0F /* NetworkManager.swift */,
			);
			path = NetworkManager;
			sourceTree = "<group>";
		};
		6021E9B42CDBA73400563A0F /* Cell */ = {
			isa = PBXGroup;
			children = (
				6021E9B22CDB976100563A0F /* ImageCell.swift */,
			);
			path = Cell;
			sourceTree = "<group>";
		};
		60C05FFE2CDA290C00522B3B = {
			isa = PBXGroup;
			children = (
				60C060092CDA290C00522B3B /* n11-case */,
				60C060202CDA290D00522B3B /* n11-caseTests */,
				60C0602A2CDA290D00522B3B /* n11-caseUITests */,
				60C060082CDA290C00522B3B /* Products */,
			);
			sourceTree = "<group>";
		};
		60C060082CDA290C00522B3B /* Products */ = {
			isa = PBXGroup;
			children = (
				60C060072CDA290C00522B3B /* n11-case.app */,
				60C0601D2CDA290D00522B3B /* n11-caseTests.xctest */,
				60C060272CDA290D00522B3B /* n11-caseUITests.xctest */,
			);
			name = Products;
			sourceTree = "<group>";
		};
		60C060092CDA290C00522B3B /* n11-case */ = {
			isa = PBXGroup;
			children = (
				6021E9B12CDB87C500563A0F /* NetworkManager */,
				60C060542CDA6AA300522B3B /* Constant */,
				60C060472CDA4D0800522B3B /* Core */,
				60C060462CDA4CCC00522B3B /* Resources */,
				60C0603A2CDA451000522B3B /* Modules */,
				60C060102CDA290C00522B3B /* Main.storyboard */,
				60C060152CDA290D00522B3B /* LaunchScreen.storyboard */,
				60C060182CDA290D00522B3B /* Info.plist */,
			);
			path = "n11-case";
			sourceTree = "<group>";
		};
		60C060202CDA290D00522B3B /* n11-caseTests */ = {
			isa = PBXGroup;
			children = (
				60C060212CDA290D00522B3B /* n11_caseTests.swift */,
			);
			path = "n11-caseTests";
			sourceTree = "<group>";
		};
		60C0602A2CDA290D00522B3B /* n11-caseUITests */ = {
			isa = PBXGroup;
			children = (
				60C0602B2CDA290D00522B3B /* n11_caseUITests.swift */,
				60C0602D2CDA290D00522B3B /* n11_caseUITestsLaunchTests.swift */,
			);
			path = "n11-caseUITests";
			sourceTree = "<group>";
		};
		60C0603A2CDA451000522B3B /* Modules */ = {
			isa = PBXGroup;
			children = (
				601725402CDCF096003E8D7E /* Formatters */,
				6017253B2CDCE6B8003E8D7E /* Components */,
				601725282CDCCBAB003E8D7E /* Splash */,
				601725252CDCC554003E8D7E /* TabBar */,
				6021E99A2CDB77E500563A0F /* ProductDetail */,
				60C060402CDA4C7600522B3B /* Home */,
			);
			path = Modules;
			sourceTree = "<group>";
		};
		60C060402CDA4C7600522B3B /* Home */ = {
			isa = PBXGroup;
			children = (
				60C060452CDA4CA700522B3B /* Router */,
				60C060442CDA4C9B00522B3B /* Entity */,
				60C060432CDA4C8F00522B3B /* Presenter */,
				60C060422CDA4C8500522B3B /* Interactor */,
				60C0604A2CDA574000522B3B /* Contractor */,
				60C060412CDA4C7F00522B3B /* View */,
			);
			path = Home;
			sourceTree = "<group>";
		};
		60C060412CDA4C7F00522B3B /* View */ = {
			isa = PBXGroup;
			children = (
				6021E9992CDB6FE700563A0F /* Cell */,
				60C0603B2CDA453400522B3B /* HomeViewController.swift */,
			);
			path = View;
			sourceTree = "<group>";
		};
		60C060422CDA4C8500522B3B /* Interactor */ = {
			isa = PBXGroup;
			children = (
				60C0604B2CDA5B9100522B3B /* HomeInteractor.swift */,
			);
			path = Interactor;
			sourceTree = "<group>";
		};
		60C060432CDA4C8F00522B3B /* Presenter */ = {
			isa = PBXGroup;
			children = (
				60C0604D2CDA5C0900522B3B /* HomePresenter.swift */,
			);
			path = Presenter;
			sourceTree = "<group>";
		};
		60C060442CDA4C9B00522B3B /* Entity */ = {
			isa = PBXGroup;
			children = (
				60C0604F2CDA61DB00522B3B /* SponsoredProductEntity.swift */,
				60C0605E2CDA83BC00522B3B /* ProductEntity.swift */,
			);
			path = Entity;
			sourceTree = "<group>";
		};
		60C060452CDA4CA700522B3B /* Router */ = {
			isa = PBXGroup;
			children = (
				60C0605C2CDA78F500522B3B /* HomeRouter.swift */,
			);
			path = Router;
			sourceTree = "<group>";
		};
		60C060462CDA4CCC00522B3B /* Resources */ = {
			isa = PBXGroup;
			children = (
				60C060132CDA290D00522B3B /* Assets.xcassets */,
			);
			path = Resources;
			sourceTree = "<group>";
		};
		60C060472CDA4D0800522B3B /* Core */ = {
			isa = PBXGroup;
			children = (
				60C0600C2CDA290C00522B3B /* SceneDelegate.swift */,
				60C0600E2CDA290C00522B3B /* ViewController.swift */,
				60C0600A2CDA290C00522B3B /* AppDelegate.swift */,
			);
			path = Core;
			sourceTree = "<group>";
		};
		60C0604A2CDA574000522B3B /* Contractor */ = {
			isa = PBXGroup;
			children = (
				60C060482CDA55E100522B3B /* HomeContractor.swift */,
			);
			path = Contractor;
			sourceTree = "<group>";
		};
		60C060542CDA6AA300522B3B /* Constant */ = {
			isa = PBXGroup;
			children = (
				60C060552CDA6AB300522B3B /* ServiceConstant.swift */,
				601725392CDCD83C003E8D7E /* Colors.swift */,
			);
			path = Constant;
			sourceTree = "<group>";
		};
/* End PBXGroup section */

/* Begin PBXNativeTarget section */
		60C060062CDA290C00522B3B /* n11-case */ = {
			isa = PBXNativeTarget;
			buildConfigurationList = 60C060312CDA290D00522B3B /* Build configuration list for PBXNativeTarget "n11-case" */;
			buildPhases = (
				60C060032CDA290C00522B3B /* Sources */,
				60C060042CDA290C00522B3B /* Frameworks */,
				60C060052CDA290C00522B3B /* Resources */,
			);
			buildRules = (
			);
			dependencies = (
			);
			name = "n11-case";
			packageProductDependencies = (
				60C0603E2CDA468500522B3B /* SnapKit */,
				60C060522CDA634800522B3B /* Alamofire */,
				60C0605A2CDA76BA00522B3B /* Kingfisher */,
			);
			productName = "n11-case";
			productReference = 60C060072CDA290C00522B3B /* n11-case.app */;
			productType = "com.apple.product-type.application";
		};
		60C0601C2CDA290D00522B3B /* n11-caseTests */ = {
			isa = PBXNativeTarget;
			buildConfigurationList = 60C060342CDA290D00522B3B /* Build configuration list for PBXNativeTarget "n11-caseTests" */;
			buildPhases = (
				60C060192CDA290D00522B3B /* Sources */,
				60C0601A2CDA290D00522B3B /* Frameworks */,
				60C0601B2CDA290D00522B3B /* Resources */,
			);
			buildRules = (
			);
			dependencies = (
				60C0601F2CDA290D00522B3B /* PBXTargetDependency */,
			);
			name = "n11-caseTests";
			productName = "n11-caseTests";
			productReference = 60C0601D2CDA290D00522B3B /* n11-caseTests.xctest */;
			productType = "com.apple.product-type.bundle.unit-test";
		};
		60C060262CDA290D00522B3B /* n11-caseUITests */ = {
			isa = PBXNativeTarget;
			buildConfigurationList = 60C060372CDA290D00522B3B /* Build configuration list for PBXNativeTarget "n11-caseUITests" */;
			buildPhases = (
				60C060232CDA290D00522B3B /* Sources */,
				60C060242CDA290D00522B3B /* Frameworks */,
				60C060252CDA290D00522B3B /* Resources */,
			);
			buildRules = (
			);
			dependencies = (
				60C060292CDA290D00522B3B /* PBXTargetDependency */,
			);
			name = "n11-caseUITests";
			productName = "n11-caseUITests";
			productReference = 60C060272CDA290D00522B3B /* n11-caseUITests.xctest */;
			productType = "com.apple.product-type.bundle.ui-testing";
		};
/* End PBXNativeTarget section */

/* Begin PBXProject section */
		60C05FFF2CDA290C00522B3B /* Project object */ = {
			isa = PBXProject;
			attributes = {
				BuildIndependentTargetsInParallel = 1;
				LastSwiftUpdateCheck = 1500;
				LastUpgradeCheck = 1500;
				TargetAttributes = {
					60C060062CDA290C00522B3B = {
						CreatedOnToolsVersion = 15.0;
					};
					60C0601C2CDA290D00522B3B = {
						CreatedOnToolsVersion = 15.0;
						TestTargetID = 60C060062CDA290C00522B3B;
					};
					60C060262CDA290D00522B3B = {
						CreatedOnToolsVersion = 15.0;
						TestTargetID = 60C060062CDA290C00522B3B;
					};
				};
			};
			buildConfigurationList = 60C060022CDA290C00522B3B /* Build configuration list for PBXProject "n11-case" */;
			compatibilityVersion = "Xcode 14.0";
			developmentRegion = en;
			hasScannedForEncodings = 0;
			knownRegions = (
				en,
				Base,
			);
			mainGroup = 60C05FFE2CDA290C00522B3B;
			packageReferences = (
				60C0603D2CDA459300522B3B /* XCRemoteSwiftPackageReference "SnapKit" */,
				60C060512CDA634800522B3B /* XCRemoteSwiftPackageReference "Alamofire" */,
				60C060592CDA76BA00522B3B /* XCRemoteSwiftPackageReference "Kingfisher" */,
			);
			productRefGroup = 60C060082CDA290C00522B3B /* Products */;
			projectDirPath = "";
			projectRoot = "";
			targets = (
				60C060062CDA290C00522B3B /* n11-case */,
				60C0601C2CDA290D00522B3B /* n11-caseTests */,
				60C060262CDA290D00522B3B /* n11-caseUITests */,
			);
		};
/* End PBXProject section */

/* Begin PBXResourcesBuildPhase section */
		60C060052CDA290C00522B3B /* Resources */ = {
			isa = PBXResourcesBuildPhase;
			buildActionMask = 2147483647;
			files = (
				60C060172CDA290D00522B3B /* LaunchScreen.storyboard in Resources */,
				60C060142CDA290D00522B3B /* Assets.xcassets in Resources */,
				60C060122CDA290C00522B3B /* Main.storyboard in Resources */,
			);
			runOnlyForDeploymentPostprocessing = 0;
		};
		60C0601B2CDA290D00522B3B /* Resources */ = {
			isa = PBXResourcesBuildPhase;
			buildActionMask = 2147483647;
			files = (
			);
			runOnlyForDeploymentPostprocessing = 0;
		};
		60C060252CDA290D00522B3B /* Resources */ = {
			isa = PBXResourcesBuildPhase;
			buildActionMask = 2147483647;
			files = (
			);
			runOnlyForDeploymentPostprocessing = 0;
		};
/* End PBXResourcesBuildPhase section */

/* Begin PBXSourcesBuildPhase section */
		60C060032CDA290C00522B3B /* Sources */ = {
			isa = PBXSourcesBuildPhase;
			buildActionMask = 2147483647;
			files = (
				60C0605F2CDA83BC00522B3B /* ProductEntity.swift in Sources */,
				60C0604E2CDA5C0900522B3B /* HomePresenter.swift in Sources */,
				601725272CDCC5C7003E8D7E /* TabBarViewController.swift in Sources */,
				60C060492CDA55E100522B3B /* HomeContractor.swift in Sources */,
				6021E9A52CDB787C00563A0F /* ProductDetailContractor.swift in Sources */,
				6017252A2CDCCBC5003E8D7E /* SplashViewController.swift in Sources */,
				60C060562CDA6AB300522B3B /* ServiceConstant.swift in Sources */,
				60C060502CDA61DB00522B3B /* SponsoredProductEntity.swift in Sources */,
				60C0600F2CDA290C00522B3B /* ViewController.swift in Sources */,
				6021E9A72CDB788F00563A0F /* ProductDetailInteractor.swift in Sources */,
				60C060612CDA849200522B3B /* ProductCell.swift in Sources */,
				6017252C2CDCCBD0003E8D7E /* SplashPresenter.swift in Sources */,
				6021E9AC2CDB78B200563A0F /* ProductDetailEntity.swift in Sources */,
				60C060582CDA767000522B3B /* SponsoredProductCell.swift in Sources */,
				60C0600B2CDA290C00522B3B /* AppDelegate.swift in Sources */,
				6021E9B02CDB833B00563A0F /* NetworkManager.swift in Sources */,
				6017252E2CDCCF6C003E8D7E /* SplashInteractor.swift in Sources */,
				6017253A2CDCD83C003E8D7E /* Colors.swift in Sources */,
				6021E9AE2CDB78BF00563A0F /* ProductDetailRouter.swift in Sources */,
				6021E9A32CDB786D00563A0F /* ProductDetailViewController.swift in Sources */,
				60C0604C2CDA5B9100522B3B /* HomeInteractor.swift in Sources */,
				60C0600D2CDA290C00522B3B /* SceneDelegate.swift in Sources */,
				6017253F2CDCEF50003E8D7E /* PriceFormatter.swift in Sources */,
				6021E9B32CDB976100563A0F /* ImageCell.swift in Sources */,
				6021E9AA2CDB78A400563A0F /* ProductDetailPresenter.swift in Sources */,
				60C0603C2CDA453400522B3B /* HomeViewController.swift in Sources */,
				60C0605D2CDA78F500522B3B /* HomeRouter.swift in Sources */,
				6017253D2CDCE6C2003E8D7E /* StarRatingView.swift in Sources */,
				601725322CDCCF9C003E8D7E /* SplashRouter.swift in Sources */,
				601725302CDCCF92003E8D7E /* SplashContractor.swift in Sources */,
			);
			runOnlyForDeploymentPostprocessing = 0;
		};
		60C060192CDA290D00522B3B /* Sources */ = {
			isa = PBXSourcesBuildPhase;
			buildActionMask = 2147483647;
			files = (
				60C060222CDA290D00522B3B /* n11_caseTests.swift in Sources */,
			);
			runOnlyForDeploymentPostprocessing = 0;
		};
		60C060232CDA290D00522B3B /* Sources */ = {
			isa = PBXSourcesBuildPhase;
			buildActionMask = 2147483647;
			files = (
				60C0602E2CDA290D00522B3B /* n11_caseUITestsLaunchTests.swift in Sources */,
				60C0602C2CDA290D00522B3B /* n11_caseUITests.swift in Sources */,
			);
			runOnlyForDeploymentPostprocessing = 0;
		};
/* End PBXSourcesBuildPhase section */

/* Begin PBXTargetDependency section */
		60C0601F2CDA290D00522B3B /* PBXTargetDependency */ = {
			isa = PBXTargetDependency;
			target = 60C060062CDA290C00522B3B /* n11-case */;
			targetProxy = 60C0601E2CDA290D00522B3B /* PBXContainerItemProxy */;
		};
		60C060292CDA290D00522B3B /* PBXTargetDependency */ = {
			isa = PBXTargetDependency;
			target = 60C060062CDA290C00522B3B /* n11-case */;
			targetProxy = 60C060282CDA290D00522B3B /* PBXContainerItemProxy */;
		};
/* End PBXTargetDependency section */

/* Begin PBXVariantGroup section */
		60C060102CDA290C00522B3B /* Main.storyboard */ = {
			isa = PBXVariantGroup;
			children = (
				60C060112CDA290C00522B3B /* Base */,
			);
			name = Main.storyboard;
			sourceTree = "<group>";
		};
		60C060152CDA290D00522B3B /* LaunchScreen.storyboard */ = {
			isa = PBXVariantGroup;
			children = (
				60C060162CDA290D00522B3B /* Base */,
			);
			name = LaunchScreen.storyboard;
			sourceTree = "<group>";
		};
/* End PBXVariantGroup section */

/* Begin XCBuildConfiguration section */
		60C0602F2CDA290D00522B3B /* Debug */ = {
			isa = XCBuildConfiguration;
			buildSettings = {
				ALWAYS_SEARCH_USER_PATHS = NO;
				ASSETCATALOG_COMPILER_GENERATE_SWIFT_ASSET_SYMBOL_EXTENSIONS = YES;
				CLANG_ANALYZER_NONNULL = YES;
				CLANG_ANALYZER_NUMBER_OBJECT_CONVERSION = YES_AGGRESSIVE;
				CLANG_CXX_LANGUAGE_STANDARD = "gnu++20";
				CLANG_ENABLE_MODULES = YES;
				CLANG_ENABLE_OBJC_ARC = YES;
				CLANG_ENABLE_OBJC_WEAK = YES;
				CLANG_WARN_BLOCK_CAPTURE_AUTORELEASING = YES;
				CLANG_WARN_BOOL_CONVERSION = YES;
				CLANG_WARN_COMMA = YES;
				CLANG_WARN_CONSTANT_CONVERSION = YES;
				CLANG_WARN_DEPRECATED_OBJC_IMPLEMENTATIONS = YES;
				CLANG_WARN_DIRECT_OBJC_ISA_USAGE = YES_ERROR;
				CLANG_WARN_DOCUMENTATION_COMMENTS = YES;
				CLANG_WARN_EMPTY_BODY = YES;
				CLANG_WARN_ENUM_CONVERSION = YES;
				CLANG_WARN_INFINITE_RECURSION = YES;
				CLANG_WARN_INT_CONVERSION = YES;
				CLANG_WARN_NON_LITERAL_NULL_CONVERSION = YES;
				CLANG_WARN_OBJC_IMPLICIT_RETAIN_SELF = YES;
				CLANG_WARN_OBJC_LITERAL_CONVERSION = YES;
				CLANG_WARN_OBJC_ROOT_CLASS = YES_ERROR;
				CLANG_WARN_QUOTED_INCLUDE_IN_FRAMEWORK_HEADER = YES;
				CLANG_WARN_RANGE_LOOP_ANALYSIS = YES;
				CLANG_WARN_STRICT_PROTOTYPES = YES;
				CLANG_WARN_SUSPICIOUS_MOVE = YES;
				CLANG_WARN_UNGUARDED_AVAILABILITY = YES_AGGRESSIVE;
				CLANG_WARN_UNREACHABLE_CODE = YES;
				CLANG_WARN__DUPLICATE_METHOD_MATCH = YES;
				COPY_PHASE_STRIP = NO;
				DEBUG_INFORMATION_FORMAT = dwarf;
				ENABLE_STRICT_OBJC_MSGSEND = YES;
				ENABLE_TESTABILITY = YES;
				ENABLE_USER_SCRIPT_SANDBOXING = YES;
				GCC_C_LANGUAGE_STANDARD = gnu17;
				GCC_DYNAMIC_NO_PIC = NO;
				GCC_NO_COMMON_BLOCKS = YES;
				GCC_OPTIMIZATION_LEVEL = 0;
				GCC_PREPROCESSOR_DEFINITIONS = (
					"DEBUG=1",
					"$(inherited)",
				);
				GCC_WARN_64_TO_32_BIT_CONVERSION = YES;
				GCC_WARN_ABOUT_RETURN_TYPE = YES_ERROR;
				GCC_WARN_UNDECLARED_SELECTOR = YES;
				GCC_WARN_UNINITIALIZED_AUTOS = YES_AGGRESSIVE;
				GCC_WARN_UNUSED_FUNCTION = YES;
				GCC_WARN_UNUSED_VARIABLE = YES;
				IPHONEOS_DEPLOYMENT_TARGET = 17.0;
				LOCALIZATION_PREFERS_STRING_CATALOGS = YES;
				MTL_ENABLE_DEBUG_INFO = INCLUDE_SOURCE;
				MTL_FAST_MATH = YES;
				ONLY_ACTIVE_ARCH = YES;
				SDKROOT = iphoneos;
				SWIFT_ACTIVE_COMPILATION_CONDITIONS = "DEBUG $(inherited)";
				SWIFT_OPTIMIZATION_LEVEL = "-Onone";
			};
			name = Debug;
		};
		60C060302CDA290D00522B3B /* Release */ = {
			isa = XCBuildConfiguration;
			buildSettings = {
				ALWAYS_SEARCH_USER_PATHS = NO;
				ASSETCATALOG_COMPILER_GENERATE_SWIFT_ASSET_SYMBOL_EXTENSIONS = YES;
				CLANG_ANALYZER_NONNULL = YES;
				CLANG_ANALYZER_NUMBER_OBJECT_CONVERSION = YES_AGGRESSIVE;
				CLANG_CXX_LANGUAGE_STANDARD = "gnu++20";
				CLANG_ENABLE_MODULES = YES;
				CLANG_ENABLE_OBJC_ARC = YES;
				CLANG_ENABLE_OBJC_WEAK = YES;
				CLANG_WARN_BLOCK_CAPTURE_AUTORELEASING = YES;
				CLANG_WARN_BOOL_CONVERSION = YES;
				CLANG_WARN_COMMA = YES;
				CLANG_WARN_CONSTANT_CONVERSION = YES;
				CLANG_WARN_DEPRECATED_OBJC_IMPLEMENTATIONS = YES;
				CLANG_WARN_DIRECT_OBJC_ISA_USAGE = YES_ERROR;
				CLANG_WARN_DOCUMENTATION_COMMENTS = YES;
				CLANG_WARN_EMPTY_BODY = YES;
				CLANG_WARN_ENUM_CONVERSION = YES;
				CLANG_WARN_INFINITE_RECURSION = YES;
				CLANG_WARN_INT_CONVERSION = YES;
				CLANG_WARN_NON_LITERAL_NULL_CONVERSION = YES;
				CLANG_WARN_OBJC_IMPLICIT_RETAIN_SELF = YES;
				CLANG_WARN_OBJC_LITERAL_CONVERSION = YES;
				CLANG_WARN_OBJC_ROOT_CLASS = YES_ERROR;
				CLANG_WARN_QUOTED_INCLUDE_IN_FRAMEWORK_HEADER = YES;
				CLANG_WARN_RANGE_LOOP_ANALYSIS = YES;
				CLANG_WARN_STRICT_PROTOTYPES = YES;
				CLANG_WARN_SUSPICIOUS_MOVE = YES;
				CLANG_WARN_UNGUARDED_AVAILABILITY = YES_AGGRESSIVE;
				CLANG_WARN_UNREACHABLE_CODE = YES;
				CLANG_WARN__DUPLICATE_METHOD_MATCH = YES;
				COPY_PHASE_STRIP = NO;
				DEBUG_INFORMATION_FORMAT = "dwarf-with-dsym";
				ENABLE_NS_ASSERTIONS = NO;
				ENABLE_STRICT_OBJC_MSGSEND = YES;
				ENABLE_USER_SCRIPT_SANDBOXING = YES;
				GCC_C_LANGUAGE_STANDARD = gnu17;
				GCC_NO_COMMON_BLOCKS = YES;
				GCC_WARN_64_TO_32_BIT_CONVERSION = YES;
				GCC_WARN_ABOUT_RETURN_TYPE = YES_ERROR;
				GCC_WARN_UNDECLARED_SELECTOR = YES;
				GCC_WARN_UNINITIALIZED_AUTOS = YES_AGGRESSIVE;
				GCC_WARN_UNUSED_FUNCTION = YES;
				GCC_WARN_UNUSED_VARIABLE = YES;
				IPHONEOS_DEPLOYMENT_TARGET = 17.0;
				LOCALIZATION_PREFERS_STRING_CATALOGS = YES;
				MTL_ENABLE_DEBUG_INFO = NO;
				MTL_FAST_MATH = YES;
				SDKROOT = iphoneos;
				SWIFT_COMPILATION_MODE = wholemodule;
				VALIDATE_PRODUCT = YES;
			};
			name = Release;
		};
		60C060322CDA290D00522B3B /* Debug */ = {
			isa = XCBuildConfiguration;
			buildSettings = {
				ASSETCATALOG_COMPILER_APPICON_NAME = AppIcon;
				ASSETCATALOG_COMPILER_GLOBAL_ACCENT_COLOR_NAME = AccentColor;
				CODE_SIGN_STYLE = Automatic;
				CURRENT_PROJECT_VERSION = 1;
				DEVELOPMENT_TEAM = TFV5399V38;
				GENERATE_INFOPLIST_FILE = YES;
				INFOPLIST_FILE = "n11-case/Info.plist";
				INFOPLIST_KEY_UIApplicationSupportsIndirectInputEvents = YES;
				INFOPLIST_KEY_UILaunchStoryboardName = LaunchScreen;
				INFOPLIST_KEY_UIMainStoryboardFile = Main;
				INFOPLIST_KEY_UISupportedInterfaceOrientations_iPad = "UIInterfaceOrientationPortrait UIInterfaceOrientationPortraitUpsideDown UIInterfaceOrientationLandscapeLeft UIInterfaceOrientationLandscapeRight";
				INFOPLIST_KEY_UISupportedInterfaceOrientations_iPhone = "UIInterfaceOrientationPortrait UIInterfaceOrientationLandscapeLeft UIInterfaceOrientationLandscapeRight";
				LD_RUNPATH_SEARCH_PATHS = (
					"$(inherited)",
					"@executable_path/Frameworks",
				);
				MARKETING_VERSION = 1.0;
				PRODUCT_BUNDLE_IDENTIFIER = "com.simgeatlihan.n11-case";
				PRODUCT_NAME = "$(TARGET_NAME)";
				SWIFT_EMIT_LOC_STRINGS = YES;
				SWIFT_VERSION = 5.0;
				TARGETED_DEVICE_FAMILY = "1,2";
			};
			name = Debug;
		};
		60C060332CDA290D00522B3B /* Release */ = {
			isa = XCBuildConfiguration;
			buildSettings = {
				ASSETCATALOG_COMPILER_APPICON_NAME = AppIcon;
				ASSETCATALOG_COMPILER_GLOBAL_ACCENT_COLOR_NAME = AccentColor;
				CODE_SIGN_STYLE = Automatic;
				CURRENT_PROJECT_VERSION = 1;
				DEVELOPMENT_TEAM = TFV5399V38;
				GENERATE_INFOPLIST_FILE = YES;
				INFOPLIST_FILE = "n11-case/Info.plist";
				INFOPLIST_KEY_UIApplicationSupportsIndirectInputEvents = YES;
				INFOPLIST_KEY_UILaunchStoryboardName = LaunchScreen;
				INFOPLIST_KEY_UIMainStoryboardFile = Main;
				INFOPLIST_KEY_UISupportedInterfaceOrientations_iPad = "UIInterfaceOrientationPortrait UIInterfaceOrientationPortraitUpsideDown UIInterfaceOrientationLandscapeLeft UIInterfaceOrientationLandscapeRight";
				INFOPLIST_KEY_UISupportedInterfaceOrientations_iPhone = "UIInterfaceOrientationPortrait UIInterfaceOrientationLandscapeLeft UIInterfaceOrientationLandscapeRight";
				LD_RUNPATH_SEARCH_PATHS = (
					"$(inherited)",
					"@executable_path/Frameworks",
				);
				MARKETING_VERSION = 1.0;
				PRODUCT_BUNDLE_IDENTIFIER = "com.simgeatlihan.n11-case";
				PRODUCT_NAME = "$(TARGET_NAME)";
				SWIFT_EMIT_LOC_STRINGS = YES;
				SWIFT_VERSION = 5.0;
				TARGETED_DEVICE_FAMILY = "1,2";
			};
			name = Release;
		};
		60C060352CDA290D00522B3B /* Debug */ = {
			isa = XCBuildConfiguration;
			buildSettings = {
				ALWAYS_EMBED_SWIFT_STANDARD_LIBRARIES = YES;
				BUNDLE_LOADER = "$(TEST_HOST)";
				CODE_SIGN_STYLE = Automatic;
				CURRENT_PROJECT_VERSION = 1;
				DEVELOPMENT_TEAM = TFV5399V38;
				GENERATE_INFOPLIST_FILE = YES;
				IPHONEOS_DEPLOYMENT_TARGET = 17.0;
				MARKETING_VERSION = 1.0;
				PRODUCT_BUNDLE_IDENTIFIER = "com.simgeatlihan.n11-caseTests";
				PRODUCT_NAME = "$(TARGET_NAME)";
				SWIFT_EMIT_LOC_STRINGS = NO;
				SWIFT_VERSION = 5.0;
				TARGETED_DEVICE_FAMILY = "1,2";
				TEST_HOST = "$(BUILT_PRODUCTS_DIR)/n11-case.app/$(BUNDLE_EXECUTABLE_FOLDER_PATH)/n11-case";
			};
			name = Debug;
		};
		60C060362CDA290D00522B3B /* Release */ = {
			isa = XCBuildConfiguration;
			buildSettings = {
				ALWAYS_EMBED_SWIFT_STANDARD_LIBRARIES = YES;
				BUNDLE_LOADER = "$(TEST_HOST)";
				CODE_SIGN_STYLE = Automatic;
				CURRENT_PROJECT_VERSION = 1;
				DEVELOPMENT_TEAM = TFV5399V38;
				GENERATE_INFOPLIST_FILE = YES;
				IPHONEOS_DEPLOYMENT_TARGET = 17.0;
				MARKETING_VERSION = 1.0;
				PRODUCT_BUNDLE_IDENTIFIER = "com.simgeatlihan.n11-caseTests";
				PRODUCT_NAME = "$(TARGET_NAME)";
				SWIFT_EMIT_LOC_STRINGS = NO;
				SWIFT_VERSION = 5.0;
				TARGETED_DEVICE_FAMILY = "1,2";
				TEST_HOST = "$(BUILT_PRODUCTS_DIR)/n11-case.app/$(BUNDLE_EXECUTABLE_FOLDER_PATH)/n11-case";
			};
			name = Release;
		};
		60C060382CDA290D00522B3B /* Debug */ = {
			isa = XCBuildConfiguration;
			buildSettings = {
				ALWAYS_EMBED_SWIFT_STANDARD_LIBRARIES = YES;
				CODE_SIGN_STYLE = Automatic;
				CURRENT_PROJECT_VERSION = 1;
				DEVELOPMENT_TEAM = TFV5399V38;
				GENERATE_INFOPLIST_FILE = YES;
				MARKETING_VERSION = 1.0;
				PRODUCT_BUNDLE_IDENTIFIER = "com.simgeatlihan.n11-caseUITests";
				PRODUCT_NAME = "$(TARGET_NAME)";
				SWIFT_EMIT_LOC_STRINGS = NO;
				SWIFT_VERSION = 5.0;
				TARGETED_DEVICE_FAMILY = "1,2";
				TEST_TARGET_NAME = "n11-case";
			};
			name = Debug;
		};
		60C060392CDA290D00522B3B /* Release */ = {
			isa = XCBuildConfiguration;
			buildSettings = {
				ALWAYS_EMBED_SWIFT_STANDARD_LIBRARIES = YES;
				CODE_SIGN_STYLE = Automatic;
				CURRENT_PROJECT_VERSION = 1;
				DEVELOPMENT_TEAM = TFV5399V38;
				GENERATE_INFOPLIST_FILE = YES;
				MARKETING_VERSION = 1.0;
				PRODUCT_BUNDLE_IDENTIFIER = "com.simgeatlihan.n11-caseUITests";
				PRODUCT_NAME = "$(TARGET_NAME)";
				SWIFT_EMIT_LOC_STRINGS = NO;
				SWIFT_VERSION = 5.0;
				TARGETED_DEVICE_FAMILY = "1,2";
				TEST_TARGET_NAME = "n11-case";
			};
			name = Release;
		};
/* End XCBuildConfiguration section */

/* Begin XCConfigurationList section */
		60C060022CDA290C00522B3B /* Build configuration list for PBXProject "n11-case" */ = {
			isa = XCConfigurationList;
			buildConfigurations = (
				60C0602F2CDA290D00522B3B /* Debug */,
				60C060302CDA290D00522B3B /* Release */,
			);
			defaultConfigurationIsVisible = 0;
			defaultConfigurationName = Release;
		};
		60C060312CDA290D00522B3B /* Build configuration list for PBXNativeTarget "n11-case" */ = {
			isa = XCConfigurationList;
			buildConfigurations = (
				60C060322CDA290D00522B3B /* Debug */,
				60C060332CDA290D00522B3B /* Release */,
			);
			defaultConfigurationIsVisible = 0;
			defaultConfigurationName = Release;
		};
		60C060342CDA290D00522B3B /* Build configuration list for PBXNativeTarget "n11-caseTests" */ = {
			isa = XCConfigurationList;
			buildConfigurations = (
				60C060352CDA290D00522B3B /* Debug */,
				60C060362CDA290D00522B3B /* Release */,
			);
			defaultConfigurationIsVisible = 0;
			defaultConfigurationName = Release;
		};
		60C060372CDA290D00522B3B /* Build configuration list for PBXNativeTarget "n11-caseUITests" */ = {
			isa = XCConfigurationList;
			buildConfigurations = (
				60C060382CDA290D00522B3B /* Debug */,
				60C060392CDA290D00522B3B /* Release */,
			);
			defaultConfigurationIsVisible = 0;
			defaultConfigurationName = Release;
		};
/* End XCConfigurationList section */

/* Begin XCRemoteSwiftPackageReference section */
		60C0603D2CDA459300522B3B /* XCRemoteSwiftPackageReference "SnapKit" */ = {
			isa = XCRemoteSwiftPackageReference;
			repositoryURL = "https://github.com/SnapKit/SnapKit.git";
			requirement = {
				kind = upToNextMajorVersion;
				minimumVersion = 5.7.1;
			};
		};
		60C060512CDA634800522B3B /* XCRemoteSwiftPackageReference "Alamofire" */ = {
			isa = XCRemoteSwiftPackageReference;
			repositoryURL = "https://github.com/Alamofire/Alamofire.git";
			requirement = {
				kind = upToNextMajorVersion;
				minimumVersion = 5.10.1;
			};
		};
		60C060592CDA76BA00522B3B /* XCRemoteSwiftPackageReference "Kingfisher" */ = {
			isa = XCRemoteSwiftPackageReference;
			repositoryURL = "https://github.com/onevcat/Kingfisher.git";
			requirement = {
				kind = upToNextMajorVersion;
				minimumVersion = 8.1.0;
			};
		};
/* End XCRemoteSwiftPackageReference section */

/* Begin XCSwiftPackageProductDependency section */
		60C0603E2CDA468500522B3B /* SnapKit */ = {
			isa = XCSwiftPackageProductDependency;
			package = 60C0603D2CDA459300522B3B /* XCRemoteSwiftPackageReference "SnapKit" */;
			productName = SnapKit;
		};
		60C060522CDA634800522B3B /* Alamofire */ = {
			isa = XCSwiftPackageProductDependency;
			package = 60C060512CDA634800522B3B /* XCRemoteSwiftPackageReference "Alamofire" */;
			productName = Alamofire;
		};
		60C0605A2CDA76BA00522B3B /* Kingfisher */ = {
			isa = XCSwiftPackageProductDependency;
			package = 60C060592CDA76BA00522B3B /* XCRemoteSwiftPackageReference "Kingfisher" */;
			productName = Kingfisher;
		};
/* End XCSwiftPackageProductDependency section */
	};
	rootObject = 60C05FFF2CDA290C00522B3B /* Project object */;
}
